
Microsoft Visual Studio Solution File, Format Version 12.00
# Visual Studio Version 16
VisualStudioVersion = 16.0.29020.237
MinimumVisualStudioVersion = 10.0.40219.1
Project("{9A19103F-16F7-4668-BE54-9A1E7A4F7556}") = "ObserverPattern.Net", "ObserverPattern\ObserverPattern.Net.csproj", "{A983DD1E-766C-46C0-BD6B-49B9B89C37DC}"
EndProject
Project("{9A19103F-16F7-4668-BE54-9A1E7A4F7556}") = "StrategyPattern.DuckSim", "StrategyPattern\StrategyPattern.DuckSim.csproj", "{9BE3F6A4-FD6E-436B-B874-D4C4DC336398}"
EndProject
Project("{FAE04EC0-301F-11D3-BF4B-00C04F79EFBC}") = "DecoratorPattern", "DecoratorPattern\DecoratorPattern.csproj", "{AD229009-8E3F-4599-9A7D-8FC90F205BC3}"
EndProject
Global
	GlobalSection(SolutionConfigurationPlatforms) = preSolution
		Debug|Any CPU = Debug|Any CPU
		Release|Any CPU = Release|Any CPU
	EndGlobalSection
	GlobalSection(ProjectConfigurationPlatforms) = postSolution
		{A983DD1E-766C-46C0-BD6B-49B9B89C37DC}.Debug|Any CPU.ActiveCfg = Debug|Any CPU
		{A983DD1E-766C-46C0-BD6B-49B9B89C37DC}.Debug|Any CPU.Build.0 = Debug|Any CPU
		{A983DD1E-766C-46C0-BD6B-49B9B89C37DC}.Release|Any CPU.ActiveCfg = Release|Any CPU
		{A983DD1E-766C-46C0-BD6B-49B9B89C37DC}.Release|Any CPU.Build.0 = Release|Any CPU
		{9BE3F6A4-FD6E-436B-B874-D4C4DC336398}.Debug|Any CPU.ActiveCfg = Debug|Any CPU
		{9BE3F6A4-FD6E-436B-B874-D4C4DC336398}.Debug|Any CPU.Build.0 = Debug|Any CPU
		{9BE3F6A4-FD6E-436B-B874-D4C4DC336398}.Release|Any CPU.ActiveCfg = Release|Any CPU
		{9BE3F6A4-FD6E-436B-B874-D4C4DC336398}.Release|Any CPU.Build.0 = Release|Any CPU
		{AD229009-8E3F-4599-9A7D-8FC90F205BC3}.Debug|Any CPU.ActiveCfg = Debug|Any CPU
		{AD229009-8E3F-4599-9A7D-8FC90F205BC3}.Debug|Any CPU.Build.0 = Debug|Any CPU
		{AD229009-8E3F-4599-9A7D-8FC90F205BC3}.Release|Any CPU.ActiveCfg = Release|Any CPU
		{AD229009-8E3F-4599-9A7D-8FC90F205BC3}.Release|Any CPU.Build.0 = Release|Any CPU
	EndGlobalSection
	GlobalSection(SolutionProperties) = preSolution
		HideSolutionNode = FALSE
	EndGlobalSection
	GlobalSection(ExtensibilityGlobals) = postSolution
		SolutionGuid = {83F38D58-6BB2-4C11-802F-ECBE5C61C1EB}
	EndGlobalSection
EndGlobal
